{
  "name": "robertdevore.com",
  "lockfileVersion": 3,
  "requires": true,
  "packages": {
    "": {
      "dependencies": {
        "scramble-decode": "^0.1.0"
      }
    },
    "node_modules/scramble-decode": {
      "version": "0.1.0",
      "resolved": "https://registry.npmjs.org/scramble-decode/-/scramble-decode-0.1.0.tgz",
      "integrity": "sha512-h7zQhGnjD4wYrTrGgoCJhwXmrTxViw0v+ZlpqmnMgR21/LbUVsayqrFkKGHDtstKkhFxz9SzQ46tVsVGPQnG2Q==",
      "license": "MIT",
      "bin": {
        "scramble-decode": "bin/cli.mjs"
      },
      "engines": {
        "node": ">=18"
      }
    }
  }
}
